PODS:
  - GoogleMaps (1.11.0)
  - iOS-KML-Framework (0.0.2):
    - TBXML (~> 1.5)
  - JSONJoy-Swift (1.0.0)
  - MMDrawerController (0.5.7):
    - MMDrawerController/Core (= 0.5.7)
    - MMDrawerController/MMDrawerBarButtonItem (= 0.5.7)
    - MMDrawerController/MMDrawerVisualStates (= 0.5.7)
    - MMDrawerController/Subclass (= 0.5.7)
  - MMDrawerController/Core (0.5.7)
  - MMDrawerController/MMDrawerBarButtonItem (0.5.7):
    - MMDrawerController/Core
  - MMDrawerController/MMDrawerVisualStates (0.5.7):
    - MMDrawerController/Core
  - MMDrawerController/Subclass (0.5.7):
    - MMDrawerController/Core
  - SwiftHTTP (1.0.2)
  - TBXML (1.5)

DEPENDENCIES:
  - GoogleMaps
  - iOS-KML-Framework
  - JSONJoy-Swift (~> 1.0.0)
  - MMDrawerController (~> 0.5.7)
  - SwiftHTTP (~> 1.0.0)

SPEC CHECKSUMS:
  GoogleMaps: 272cf7e7b8aacf4319eac47d57f3b7d142c0826a
  iOS-KML-Framework: a3428baabee9bba6fa8d8246223619277f1bc430
  JSONJoy-Swift: 3e8129c282470614da69759208e9c923732f6cb4
  MMDrawerController: 7a4cf8e25596bf2434e03ce50d22a8608ddee6a1
  SwiftHTTP: 6d8ca031a9ce613a01e8f18b497503887b0b50c0
  TBXML: 9f9dadb239f2f2af1dadb87fe43a0ce6e479379a

COCOAPODS: 0.39.0
